
Microsoft Visual Studio Solution File, Format Version 12.00
# Visual Studio Version 17
VisualStudioVersion = 17.7.34009.444
MinimumVisualStudioVersion = 10.0.40219.1
Project("{FAE04EC0-301F-11D3-BF4B-00C04F79EFBC}") = "ProyectoTabla", "ProyectoTabla\ProyectoTabla.csproj", "{DE6D2CCD-6AE3-4B08-9373-0A5B71DECCBB}"
EndProject
Global
	GlobalSection(SolutionConfigurationPlatforms) = preSolution
		Debug|Any CPU = Debug|Any CPU
		Release|Any CPU = Release|Any CPU
	EndGlobalSection
	GlobalSection(ProjectConfigurationPlatforms) = postSolution
		{DE6D2CCD-6AE3-4B08-9373-0A5B71DECCBB}.Debug|Any CPU.ActiveCfg = Debug|Any CPU
		{DE6D2CCD-6AE3-4B08-9373-0A5B71DECCBB}.Debug|Any CPU.Build.0 = Debug|Any CPU
		{DE6D2CCD-6AE3-4B08-9373-0A5B71DECCBB}.Release|Any CPU.ActiveCfg = Release|Any CPU
		{DE6D2CCD-6AE3-4B08-9373-0A5B71DECCBB}.Release|Any CPU.Build.0 = Release|Any CPU
	EndGlobalSection
	GlobalSection(SolutionProperties) = preSolution
		HideSolutionNode = FALSE
	EndGlobalSection
	GlobalSection(ExtensibilityGlobals) = postSolution
		SolutionGuid = {FBF8855A-D81B-4933-A490-BA7275CEC5CC}
	EndGlobalSection
EndGlobal
